github.com/go-chi/chi v4.0.4+incompatible h1:7fVnpr0gAXG15uDbtH+LwSeMztvIvlHrBNRkTzgphS0=
github.com/go-chi/chi v4.0.4+incompatible/go.mod h1:eB3wogJHnLi3x/kFX2A+IbTBlXxmMeXJVKy9tTv1XzQ=
github.com/joho/godotenv v1.3.0 h1:Zjp+RcGpHhGlrMbJzXTrZZPrWj+1vfm90La1wgB6Bhc=
github.com/joho/godotenv v1.3.0/go.mod h1:7hK45KPybAkOC6peb+G5yklZfMxEjkZhHbwpqxOKXbg=
